
Microsoft Visual Studio Solution File, Format Version 12.00
# Visual Studio Version 17
VisualStudioVersion = 17.14.37111.16 d17.14
MinimumVisualStudioVersion = 10.0.40219.1
Project("{FAE04EC0-301F-11D3-BF4B-00C04F79EFBC}") = "Numbers_Android", "Android\Numbers_Android.csproj", "{0212DA69-324A-E7E9-6B29-628805916EFE}"
EndProject
Project("{FAE04EC0-301F-11D3-BF4B-00C04F79EFBC}") = "Numbers_Windows", "Windows\Numbers_Windows.csproj", "{8198C156-3905-D22D-A915-768042BCF63B}"
EndProject
Global
	GlobalSection(SolutionConfigurationPlatforms) = preSolution
		Debug|Any CPU = Debug|Any CPU
		Release|Any CPU = Release|Any CPU
	EndGlobalSection
	GlobalSection(ProjectConfigurationPlatforms) = postSolution
		{0212DA69-324A-E7E9-6B29-628805916EFE}.Debug|Any CPU.ActiveCfg = Debug|Any CPU
		{0212DA69-324A-E7E9-6B29-628805916EFE}.Debug|Any CPU.Build.0 = Debug|Any CPU
		{0212DA69-324A-E7E9-6B29-628805916EFE}.Debug|Any CPU.Deploy.0 = Debug|Any CPU
		{0212DA69-324A-E7E9-6B29-628805916EFE}.Release|Any CPU.ActiveCfg = Release|Any CPU
		{0212DA69-324A-E7E9-6B29-628805916EFE}.Release|Any CPU.Build.0 = Release|Any CPU
		{0212DA69-324A-E7E9-6B29-628805916EFE}.Release|Any CPU.Deploy.0 = Release|Any CPU
		{8198C156-3905-D22D-A915-768042BCF63B}.Debug|Any CPU.ActiveCfg = Debug|Any CPU
		{8198C156-3905-D22D-A915-768042BCF63B}.Debug|Any CPU.Build.0 = Debug|Any CPU
		{8198C156-3905-D22D-A915-768042BCF63B}.Release|Any CPU.ActiveCfg = Release|Any CPU
		{8198C156-3905-D22D-A915-768042BCF63B}.Release|Any CPU.Build.0 = Release|Any CPU
	EndGlobalSection
	GlobalSection(SolutionProperties) = preSolution
		HideSolutionNode = FALSE
	EndGlobalSection
	GlobalSection(ExtensibilityGlobals) = postSolution
		SolutionGuid = {ADC17666-AB53-4962-8591-2C55DCAFC302}
	EndGlobalSection
EndGlobal
